{
  "Gemfile:566166977": [
    [28, 3, 11, "Gemspec/DevelopmentDependencies: Specify development dependencies in gemspec.", 1209233387],
    [29, 3, 11, "Gemspec/DevelopmentDependencies: Specify development dependencies in gemspec.", 1213001327],
    [30, 3, 19, "Gemspec/DevelopmentDependencies: Specify development dependencies in gemspec.", 284380772],
    [31, 3, 17, "Gemspec/DevelopmentDependencies: Specify development dependencies in gemspec.", 439084949],
    [32, 3, 16, "Gemspec/DevelopmentDependencies: Specify development dependencies in gemspec.", 772204622]
  ]
}
