{
  "lib/omniauth-ldap/adaptor.rb:3906050285": [
    [64, 7, 413, "Style/ClassMethodsDefinitions: Use `class << self` to define a class method.", 105664470],
    [114, 17, 3, "Style/AndOr: Use `&&` instead of `and`.", 193409806],
    [114, 30, 3, "Style/AndOr: Use `&&` instead of `and`.", 193409806],
    [114, 37, 1, "Lint/AssignmentInCondition: Wrap assignment in parentheses if intentional", 177560]
  ],
  "spec/integration/middleware_spec.rb:4062046892": [
    [3, 16, 39, "RSpec/DescribeClass: The first argument to describe should be the class or module being tested.", 638096201],
    [30, 14, 10, "RSpec/ExpectActual: Provide the actual value you are testing to `expect(...)`.", 837117997],
    [65, 5, 317, "RSpec/LeakyConstantDeclaration: Stub class constant instead of declaring explicitly.", 424933157]
  ],
  "spec/integration/roda_integration_spec.rb:1921252381": [
    [3, 16, 50, "RSpec/DescribeClass: The first argument to describe should be the class or module being tested.", 3681952328],
    [4, 3, 12, "RSpec/BeforeAfterAll: Beware of using `before(:all)` as it may cause state to leak between tests. If you are using `rspec-rails`, and `use_transactional_fixtures` is enabled, then records created in `before(:all)` are not automatically rolled back.", 86334566],
    [70, 16, 5, "RSpec/ExpectActual: Provide the actual value you are testing to `expect(...)`.", 237881235]
  ],
  "spec/omniauth-ldap/adaptor_spec.rb:2715031579": [
    [3, 1, 38, "RSpec/SpecFilePathFormat: Spec path should end with `omni_auth/ldap/adaptor*_spec.rb`.", 1973618936],
    [206, 7, 26, "RSpec/StubbedMock: Prefer `allow` over `expect` when configuring a response.", 1924417310],
    [207, 7, 26, "RSpec/StubbedMock: Prefer `allow` over `expect` when configuring a response.", 1924417310],
    [208, 7, 26, "RSpec/StubbedMock: Prefer `allow` over `expect` when configuring a response.", 1924417310],
    [214, 7, 26, "RSpec/StubbedMock: Prefer `allow` over `expect` when configuring a response.", 1924417310],
    [215, 7, 26, "RSpec/StubbedMock: Prefer `allow` over `expect` when configuring a response.", 1924417310],
    [216, 7, 26, "RSpec/StubbedMock: Prefer `allow` over `expect` when configuring a response.", 1924417310]
  ],
  "spec/omniauth/adaptor_spec.rb:1168013709": [
    [3, 1, 38, "RSpec/SpecFilePathFormat: Spec path should end with `omni_auth/ldap/adaptor*_spec.rb`.", 1973618936],
    [46, 7, 38, "RSpec/AnyInstance: Avoid stubbing using `allow_any_instance_of`.", 3627954156],
    [47, 7, 38, "RSpec/AnyInstance: Avoid stubbing using `allow_any_instance_of`.", 3627954156],
    [84, 7, 48, "RSpec/AnyInstance: Avoid stubbing using `allow_any_instance_of`.", 2759780562]
  ],
  "spec/omniauth/strategies/ldap_spec.rb:86189447": [
    [14, 3, 54, "RSpec/LeakyConstantDeclaration: Stub class constant instead of declaring explicitly.", 2419068710],
    [90, 13, 9, "RSpec/ContextWording: Context description should match /^when\\b/, /^with\\b/, or /^without\\b/.", 1130140517],
    [145, 17, 28, "RSpec/ContextWording: Context description should match /^when\\b/, /^with\\b/, or /^without\\b/.", 3444838747],
    [154, 17, 23, "RSpec/ContextWording: Context description should match /^when\\b/, /^with\\b/, or /^without\\b/.", 1584148894],
    [165, 17, 32, "RSpec/ContextWording: Context description should match /^when\\b/, /^with\\b/, or /^without\\b/.", 1515076977],
    [174, 19, 19, "RSpec/ContextWording: Context description should match /^when\\b/, /^with\\b/, or /^without\\b/.", 2526348694],
    [187, 17, 56, "RSpec/ContextWording: Context description should match /^when\\b/, /^with\\b/, or /^without\\b/.", 2413495789],
    [202, 13, 9, "RSpec/ContextWording: Context description should match /^when\\b/, /^with\\b/, or /^without\\b/.", 3182939526],
    [235, 15, 19, "RSpec/ContextWording: Context description should match /^when\\b/, /^with\\b/, or /^without\\b/.", 2526348694]
  ]
}
