PATH
  remote: .
  specs:
    omniauth-ldap (3.0.1)
      anonymous_loader (~> 0.1, >= 0.1.0)
      auth-sanitizer (~> 0.2, >= 0.2.2)
      net-ldap (~> 0.16, < 1)
      omniauth (>= 1.2, < 3)
      pyu-ruby-sasl (>= 0.0.3.3, < 0.1)
      rack (>= 1, < 4)
      rubyntlm (~> 0.6.2, < 1)
      version_gem (~> 1.1, >= 1.1.12)

GEM
  remote: https://gem.coop/
  specs:
    addressable (2.9.0)
      public_suffix (>= 2.0.2, < 8.0)
    anonymous_loader (0.1.0)
      version_gem (~> 1.1, >= 1.1.12)
    ansi (1.6.0)
    appraisal2 (3.1.2)
      bundler (>= 1.17.3)
      rake (>= 10)
      thor (>= 0.14)
    appraisal2-rubocop (0.2.1)
      appraisal2 (>= 3.1.1)
      rubocop (>= 1.0)
      version_gem (~> 1.1, >= 1.1.11)
    ast (2.4.3)
    auth-sanitizer (0.2.2)
      version_gem (~> 1.1, >= 1.1.10)
    backports (3.25.3)
    base64 (0.3.0)
    benchmark (0.5.0)
    bigdecimal (4.1.2)
    bundler-audit (0.9.3)
      bundler (>= 1.2.0)
      thor (~> 1.0)
    cgi (0.5.1)
    cmdparse (3.0.7)
    coderay (1.1.3)
    concurrent-ruby (1.3.7)
    date (3.5.1)
    debug (1.11.1)
      irb (~> 1.10)
      reline (>= 0.3.8)
    delegate (0.6.1)
    diff-lcs (1.6.2)
    diffy (3.4.4)
    docile (1.4.1)
    dry-configurable (1.4.0)
      dry-core (~> 1.0)
      zeitwerk (~> 2.6)
    dry-core (1.2.0)
      concurrent-ruby (~> 1.0)
      logger
      zeitwerk (~> 2.6)
    dry-inflector (1.3.1)
    dry-initializer (3.2.0)
    dry-logic (1.6.0)
      bigdecimal
      concurrent-ruby (~> 1.0)
      dry-core (~> 1.1)
      zeitwerk (~> 2.6)
    dry-schema (1.16.0)
      concurrent-ruby (~> 1.0)
      dry-configurable (~> 1.0, >= 1.0.1)
      dry-core (~> 1.1)
      dry-initializer (~> 3.2)
      dry-logic (~> 1.6)
      dry-types (~> 1.9, >= 1.9.1)
      zeitwerk (~> 2.6)
    dry-types (1.9.1)
      bigdecimal (>= 3.0)
      concurrent-ruby (~> 1.0)
      dry-core (~> 1.0)
      dry-inflector (~> 1.0)
      dry-logic (~> 1.4)
      zeitwerk (~> 2.6)
    erb (6.0.4)
    ffi (1.17.4-aarch64-linux-gnu)
    ffi (1.17.4-aarch64-linux-musl)
    ffi (1.17.4-arm-linux-gnu)
    ffi (1.17.4-arm-linux-musl)
    ffi (1.17.4-arm64-darwin)
    ffi (1.17.4-x86_64-darwin)
    ffi (1.17.4-x86_64-linux-gnu)
    ffi (1.17.4-x86_64-linux-musl)
    formatador (1.2.3)
      reline
    gem_bench (2.0.5)
      bundler (>= 1.14)
      version_gem (~> 1.1, >= 1.1.4)
    geom2d (0.4.1)
    gitmoji-regex (2.0.2)
      version_gem (~> 1.1, >= 1.1.11)
    growl (1.0.3)
    guard (2.20.1)
      formatador (>= 0.2.4)
      listen (>= 2.7, < 4.0)
      logger (~> 1.6)
      lumberjack (>= 1.0.12, < 2.0)
      nenv (~> 0.1)
      notiffany (~> 0.0)
      pry (>= 0.13.0)
      shellany (~> 0.0)
      thor (>= 0.18.1)
    guard-bundler (3.1.0)
      bundler (>= 2.1, < 5)
      guard (~> 2.2)
      guard-compat (~> 1.1)
    guard-compat (1.2.1)
    guard-rspec (4.7.3)
      guard (~> 2.1)
      guard-compat (~> 1.1)
      rspec (>= 2.99.0, < 4.0)
    hashie (5.1.0)
      logger
    hexapdf (1.9.1)
      cmdparse (~> 3.0, >= 3.0.3)
      geom2d (~> 0.4, >= 0.4.1)
      openssl (>= 2.2.1)
      strscan (>= 3.1.2)
    io-console (0.8.2)
    irb (1.18.0)
      pp (>= 0.6.0)
      prism (>= 1.3.0)
      rdoc (>= 4.0.0)
      reline (>= 0.4.2)
    json (2.19.9)
    kettle-dev (2.2.9)
      kettle-test (~> 2.0, >= 2.0.4)
      version_gem (~> 1.1, >= 1.1.11)
    kettle-soup-cover (2.0.2)
      simplecov (~> 0.22, >= 0.22.0)
      simplecov-cobertura (~> 3.1, >= 3.1.0)
      simplecov-console (~> 0.9, >= 0.9.5)
      simplecov-html (~> 0.13, >= 0.13.2)
      simplecov-lcov (~> 0.9, >= 0.9.0)
      simplecov-rcov (~> 0.3, >= 0.3.7)
      simplecov_json_formatter (~> 0.1, >= 0.1.4)
      version_gem (~> 1.1, >= 1.1.11)
    kettle-test (2.0.5)
      appraisal2 (~> 3.0, >= 3.0.6)
      backports (~> 3.0)
      rspec (~> 3.0)
      rspec-block_is_expected (~> 1.0, >= 1.0.6)
      rspec-pending_for (~> 0.1, >= 0.1.20)
      rspec-stubbed_env (~> 1.0, >= 1.0.4)
      rspec_junit_formatter (~> 0.6)
      silent_stream (~> 1.0, >= 1.0.12)
      timecop-rspec (~> 1.0, >= 1.0.3)
      turbo_tests2 (~> 3.1, >= 3.1.2)
      version_gem (~> 1.1, >= 1.1.11)
    kramdown (2.5.2)
      rexml (>= 3.4.4)
    kramdown-parser-gfm (1.1.0)
      kramdown (~> 2.0)
    language_server-protocol (3.17.0.5)
    lint_roller (1.1.0)
    listen (3.10.0)
      logger
      rb-fsevent (~> 0.10, >= 0.10.3)
      rb-inotify (~> 0.9, >= 0.9.10)
    logger (1.7.0)
    lumberjack (1.4.2)
    method_source (1.1.0)
    mutex_m (0.3.0)
    nenv (0.3.0)
    net-ldap (0.20.0)
      base64
      ostruct
    nokogiri (1.19.3-aarch64-linux-gnu)
      racc (~> 1.4)
    nokogiri (1.19.3-aarch64-linux-musl)
      racc (~> 1.4)
    nokogiri (1.19.3-arm-linux-gnu)
      racc (~> 1.4)
    nokogiri (1.19.3-arm-linux-musl)
      racc (~> 1.4)
    nokogiri (1.19.3-arm64-darwin)
      racc (~> 1.4)
    nokogiri (1.19.3-x86_64-darwin)
      racc (~> 1.4)
    nokogiri (1.19.3-x86_64-linux-gnu)
      racc (~> 1.4)
    nokogiri (1.19.3-x86_64-linux-musl)
      racc (~> 1.4)
    nomono (1.0.4)
      version_gem (~> 1.1, >= 1.1.11)
    notiffany (0.1.3)
      nenv (~> 0.1)
      shellany (~> 0.0)
    omniauth (2.1.4)
      hashie (>= 3.4.6)
      logger
      rack (>= 2.2.3)
      rack-protection
    openssl (4.0.2)
    ostruct (0.6.3)
    parallel (1.28.0)
    parallel_tests (5.7.0)
      parallel
    parser (3.3.11.1)
      ast (~> 2.4.1)
      racc
    pp (0.6.3)
      prettyprint
    prettyprint (0.2.0)
    prism (1.9.0)
    pry (0.16.0)
      coderay (~> 1.1)
      method_source (~> 1.0)
      reline (>= 0.6.0)
    psych (5.4.0)
      date
      stringio
    public_suffix (7.0.5)
    pyu-ruby-sasl (0.0.3.3)
    racc (1.8.1)
    rack (3.2.6)
    rack-protection (4.2.1)
      base64 (>= 0.1.0)
      logger (>= 1.6.0)
      rack (>= 3.0.0, < 4)
    rack-test (2.2.0)
      rack (>= 1.3)
    rainbow (3.1.1)
    rake (13.4.2)
    rb-fsevent (0.11.2)
    rb-inotify (0.11.1)
      ffi (~> 1.0)
    rbs (4.0.2)
      logger
      prism (>= 1.6.0)
      tsort
    rdoc (6.17.0)
      erb
      psych (>= 4.0.0)
      tsort
    reek (6.5.0)
      dry-schema (~> 1.13)
      logger (~> 1.6)
      parser (~> 3.3.0)
      rainbow (>= 2.0, < 4.0)
      rexml (~> 3.1)
    regexp_parser (2.12.0)
    reline (0.6.3)
      io-console (~> 0.5)
    require_bench (1.0.4)
      version_gem (>= 1.1.3, < 4)
    rexml (3.4.4)
    roda (3.105.0)
      rack
    rspec (3.13.2)
      rspec-core (~> 3.13.0)
      rspec-expectations (~> 3.13.0)
      rspec-mocks (~> 3.13.0)
    rspec-block_is_expected (1.0.6)
    rspec-core (3.13.6)
      rspec-support (~> 3.13.0)
    rspec-expectations (3.13.5)
      diff-lcs (>= 1.2.0, < 2.0)
      rspec-support (~> 3.13.0)
    rspec-mocks (3.13.8)
      diff-lcs (>= 1.2.0, < 2.0)
      rspec-support (~> 3.13.0)
    rspec-pending_for (0.1.20)
      rspec-core (~> 3.0)
      ruby_engine (~> 2.0)
      ruby_version (~> 1.0)
      version_gem (~> 1.1, >= 1.1.8)
    rspec-stubbed_env (1.0.4)
    rspec-support (3.13.7)
    rspec_junit_formatter (0.6.0)
      rspec-core (>= 2, < 4, != 2.12.0)
    rubocop (1.87.0)
      json (~> 2.3)
      language_server-protocol (~> 3.17.0.2)
      lint_roller (~> 1.1.0)
      parallel (>= 1.10)
      parser (>= 3.3.0.2)
      rainbow (>= 2.2.2, < 4.0)
      regexp_parser (>= 2.9.3, < 3.0)
      rubocop-ast (>= 1.49.0, < 2.0)
      ruby-progressbar (~> 1.7)
      unicode-display_width (>= 2.4.0, < 4.0)
    rubocop-ast (1.49.1)
      parser (>= 3.3.7.2)
      prism (~> 1.7)
    rubocop-capybara (2.23.0)
      lint_roller (~> 1.1)
      rubocop (~> 1.81)
    rubocop-env (0.1.0)
      rubocop
    rubocop-factory_bot (2.28.0)
      lint_roller (~> 1.1)
      rubocop (~> 1.72, >= 1.72.1)
    rubocop-gradual (0.4.0)
      benchmark
      diff-lcs (>= 1.2.0, < 2.0)
      diffy (~> 3.0)
      parallel (~> 1.10)
      rainbow (>= 2.2.2, < 4.0)
      rubocop (~> 1.0)
    rubocop-lts (8.3.0)
      rubocop-ruby2_2 (~> 3.0, >= 3.0.1)
      standard-rubocop-lts (~> 2.0, >= 2.0.3)
      version_gem (~> 1.1, >= 1.1.9)
    rubocop-lts-rspec (1.0.3)
      rubocop (~> 1.84, >= 1.84.2)
      rubocop-env (~> 0.1, >= 0.1.0)
      rubocop-factory_bot (~> 2.28, >= 2.28.0)
      rubocop-rspec (~> 3.9, >= 3.9.0)
      rubocop-rspec-extra (~> 0.3, >= 0.3.0)
      standard (~> 1.54, >= 1.54.0)
      standard-rspec (~> 0.5, >= 0.5.0)
      version_gem (~> 1.1, >= 1.1.9)
    rubocop-md (2.0.4)
      lint_roller (~> 1.1)
      rubocop (>= 1.72.1)
    rubocop-minitest (0.39.1)
      lint_roller (~> 1.1)
      rubocop (>= 1.75.0, < 2.0)
      rubocop-ast (>= 1.38.0, < 2.0)
    rubocop-on-rbs (2.0.0)
      lint_roller (~> 1.1)
      rbs (~> 4.0)
      rubocop (>= 1.72.1, < 2.0)
      zlib
    rubocop-packaging (0.6.0)
      lint_roller (~> 1.1.0)
      rubocop (>= 1.72.1, < 2.0)
    rubocop-performance (1.26.1)
      lint_roller (~> 1.1)
      rubocop (>= 1.75.0, < 2.0)
      rubocop-ast (>= 1.47.1, < 2.0)
    rubocop-rake (0.7.1)
      lint_roller (~> 1.1)
      rubocop (>= 1.72.1)
    rubocop-rspec (3.10.2)
      lint_roller (~> 1.1)
      regexp_parser (>= 2.0)
      rubocop (~> 1.86, >= 1.86.2)
    rubocop-rspec-extra (0.3.0)
      lint_roller (~> 1.1)
      rubocop (>= 1.72.1, < 2.0)
    rubocop-rspec_rails (2.32.0)
      lint_roller (~> 1.1)
      rubocop (~> 1.72, >= 1.72.1)
      rubocop-rspec (~> 3.5)
    rubocop-ruby2_2 (3.0.2)
      rubocop-gradual (~> 0.3, >= 0.3.6)
      rubocop-md (~> 2.0, >= 2.0.4)
      rubocop-rake (~> 0.7, >= 0.7.1)
      rubocop-thread_safety (~> 0.7, >= 0.7.3)
      standard-rubocop-lts (~> 2.0, >= 2.0.3)
      version_gem (~> 1.1, >= 1.1.9)
    rubocop-thread_safety (0.7.3)
      lint_roller (~> 1.1)
      rubocop (~> 1.72, >= 1.72.1)
      rubocop-ast (>= 1.44.0, < 2.0)
    ruby-progressbar (1.13.0)
    ruby_engine (2.0.3)
    ruby_version (1.0.3)
    rubyntlm (0.6.5)
      base64
    shellany (0.0.1)
    silent_stream (1.0.12)
      logger (~> 1.2)
      version_gem (>= 1.1.8, < 3)
    simplecov (0.22.0)
      docile (~> 1.1)
      simplecov-html (~> 0.11)
      simplecov_json_formatter (~> 0.1)
    simplecov-cobertura (3.2.0)
      rexml
      simplecov (~> 0.19)
    simplecov-console (0.9.5)
      ansi
      simplecov
      terminal-table
    simplecov-html (0.13.2)
    simplecov-lcov (0.9.0)
    simplecov-rcov (0.3.7)
      simplecov (>= 0.4.1)
    simplecov_json_formatter (0.1.4)
    standard (1.55.0)
      language_server-protocol (~> 3.17.0.2)
      lint_roller (~> 1.0)
      rubocop (~> 1.87.0)
      standard-custom (~> 1.0.0)
      standard-performance (~> 1.8)
    standard-custom (1.0.2)
      lint_roller (~> 1.0)
      rubocop (~> 1.50)
    standard-performance (1.9.0)
      lint_roller (~> 1.1)
      rubocop-performance (~> 1.26.0)
    standard-rspec (0.5.0)
      lint_roller (>= 1.0)
      rubocop-capybara (~> 2.23)
      rubocop-factory_bot (~> 2.27)
      rubocop-rspec (~> 3.9)
      rubocop-rspec_rails (~> 2.31)
    standard-rubocop-lts (2.0.5)
      standard (~> 1.54, >= 1.54.0)
      standard-custom (~> 1.0, >= 1.0.2)
      standard-performance (~> 1.9, >= 1.9.0)
      version_gem (~> 1.1, >= 1.1.11)
    stone_checksums (1.0.3)
      version_gem (~> 1.1, >= 1.1.9)
    stringio (3.2.0)
    strscan (3.1.8)
    terminal-table (4.0.0)
      unicode-display_width (>= 1.1.1, < 4)
    thor (1.5.0)
    timecop (0.9.11)
    timecop-rspec (1.0.3)
      delegate (~> 0.1)
      rspec (~> 3.0)
      timecop (>= 0.7, < 1)
    tsort (0.2.0)
    turbo_tests2 (3.1.3)
      parallel_tests (>= 3.3.0, < 6)
      rspec (>= 3.10)
      version_gem (~> 1.1, >= 1.1.11)
    unicode-display_width (3.2.0)
      unicode-emoji (~> 4.1)
    unicode-emoji (4.2.0)
    version_gem (1.1.12)
    webrick (1.9.2)
    yaml-converter (0.2.1)
      hexapdf (>= 1.8, < 2)
      kramdown (>= 2.4, < 3)
      kramdown-parser-gfm (~> 1.1)
      version_gem (~> 1.1, >= 1.1.12)
    yard (0.9.44)
    yard-fence (0.9.4)
      rdoc (>= 6.11, < 8)
      version_gem (~> 1.1, >= 1.1.11)
      yard (~> 0.9, >= 0.9.37)
    yard-junk (0.1.0)
      benchmark
      ostruct
      rainbow
      yard
    yard-relative_markdown_links (0.6.0)
      nokogiri (>= 1.14.3, < 2)
    yard-timekeeper (0.2.1)
      version_gem (~> 1.1, >= 1.1.9)
    yard-yaml (0.2.1)
      version_gem (~> 1.1, >= 1.1.11)
      yaml-converter (~> 0.2)
    zeitwerk (2.8.2)
    zlib (3.2.3)

PLATFORMS
  aarch64-linux-gnu
  aarch64-linux-musl
  arm-linux-gnu
  arm-linux-musl
  arm64-darwin
  x86_64-darwin
  x86_64-linux-gnu
  x86_64-linux-musl

DEPENDENCIES
  addressable (>= 2.8, < 3)
  appraisal2 (~> 3.1, >= 3.1.2)
  appraisal2-rubocop (~> 0.2, >= 0.2.1)
  benchmark (~> 0.5, >= 0.5.0)
  bundler-audit (~> 0.9.3)
  cgi (~> 0.5)
  debug (>= 1.1)
  erb (~> 6.0, >= 6.0.4)
  gem_bench (~> 2.0, >= 2.0.5)
  gitmoji-regex (~> 2.0, >= 2.0.2)
  growl
  guard
  guard-bundler
  guard-rspec
  irb (~> 1.17)
  kettle-dev (~> 2.2, >= 2.2.9)
  kettle-soup-cover (~> 2.0, >= 2.0.2)
  kettle-test (~> 2.0, >= 2.0.5)
  kramdown (~> 2.5, >= 2.5.1)
  kramdown-parser-gfm (~> 1.1)
  mutex_m (~> 0.2)
  nomono (~> 1.0, >= 1.0.4)
  omniauth-ldap!
  rack-test (~> 2.2)
  rake (~> 13.0)
  rb-fsevent
  rbs (>= 3.0)
  rdoc (~> 6.11)
  reek (~> 6.5, >= 6.5.0)
  require_bench (~> 1.0, >= 1.0.4)
  roda (~> 3.97)
  rubocop-gradual (~> 0.4, >= 0.4.0)
  rubocop-lts (~> 8.3, >= 8.3.0)
  rubocop-lts-rspec (~> 1.0, >= 1.0.3)
  rubocop-minitest (~> 0.38, >= 0.38.1)
  rubocop-on-rbs (~> 2.0, >= 2.0.0)
  rubocop-packaging (~> 0.6, >= 0.6.0)
  rubocop-ruby2_2 (~> 3.0, >= 3.0.2)
  ruby-progressbar (~> 1.13)
  standard (~> 1.54, >= 1.54.0)
  stone_checksums (~> 1.0, >= 1.0.3)
  stringio (>= 3.0)
  turbo_tests2 (~> 3.1, >= 3.1.3)
  webrick (~> 1.9)
  yaml-converter (~> 0.2, >= 0.2.1)
  yard (~> 0.9, >= 0.9.44)
  yard-fence (~> 0.9, >= 0.9.4)
  yard-junk (~> 0.1, >= 0.1.0)
  yard-relative_markdown_links (~> 0.6)
  yard-timekeeper (~> 0.2, >= 0.2.1)
  yard-yaml (~> 0.2, >= 0.2.1)

CHECKSUMS
  addressable (2.9.0) sha256=7fdf6ac3660f7f4e867a0838be3f6cf722ace541dd97767fa42bc6cfa980c7af
  anonymous_loader (0.1.0) sha256=bcef54b92ff9266736fdabc511958f97e98ac84519339cc3e30c6dd490851e4a
  ansi (1.6.0) sha256=ac9ea0c0ea8d32fb4e271348e609963ac78882f34b73836c2a02b3622e666658
  appraisal2 (3.1.2) sha256=33a1f8c1e2808aa33a24b4c73d1f20c9571b5a34541d66d04d5e744b5906437a
  appraisal2-rubocop (0.2.1) sha256=46020fa515706b96d1e9ed76d43ecca09a5bc37b76b884a980e5282dacbaa87b
  ast (2.4.3) sha256=954615157c1d6a382bc27d690d973195e79db7f55e9765ac7c481c60bdb4d383
  auth-sanitizer (0.2.2) sha256=300112debb67fe5e7a4f67a697790cea09744970e816745afb1f4235d6f27bae
  backports (3.25.3) sha256=94298d32dc3c40ca15633b54e282780b49e2db0c045f602ea1907e4f63a17235
  base64 (0.3.0) sha256=27337aeabad6ffae05c265c450490628ef3ebd4b67be58257393227588f5a97b
  benchmark (0.5.0) sha256=465df122341aedcb81a2a24b4d3bd19b6c67c1530713fd533f3ff034e419236c
  bigdecimal (4.1.2) sha256=53d217666027eab4280346fba98e7d5b66baaae1b9c3c1c0ffe89d48188a3fbd
  bundler (4.0.11) sha256=5bcec0fb78302e48d02ee46f10ee6e6942be647ba5b44a6d1ddfda9a240ce785
  bundler-audit (0.9.3) sha256=81c8766c71e47d0d28a0f98c7eed028539f21a6ea3cd8f685eb6f42333c9b4e9
  cgi (0.5.1) sha256=e93fcafc69b8a934fe1e6146121fa35430efa8b4a4047c4893764067036f18e9
  cmdparse (3.0.7) sha256=f7c5cace10bec6abf853370ae095e4b97a84ed9d847b3fb38f41cc4fbc950739
  coderay (1.1.3) sha256=dc530018a4684512f8f38143cd2a096c9f02a1fc2459edcfe534787a7fc77d4b
  concurrent-ruby (1.3.7) sha256=4412caec3a5ea2e5fdc52076724c071a81f2c0593d83b2ac8cbb8ca63b3151b0
  date (3.5.1) sha256=750d06384d7b9c15d562c76291407d89e368dda4d4fff957eb94962d325a0dc0
  debug (1.11.1) sha256=2e0b0ac6119f2207a6f8ac7d4a73ca8eb4e440f64da0a3136c30343146e952b6
  delegate (0.6.1) sha256=54cf946cacfe05b1c23114edd8fbd8d54e9cea7abf36b95130ab53cc88b8f7e4
  diff-lcs (1.6.2) sha256=9ae0d2cba7d4df3075fe8cd8602a8604993efc0dfa934cff568969efb1909962
  diffy (3.4.4) sha256=79384ab5ca82d0e115b2771f0961e27c164c456074bd2ec46b637ebf7b6e47e3
  docile (1.4.1) sha256=96159be799bfa73cdb721b840e9802126e4e03dfc26863db73647204c727f21e
  dry-configurable (1.4.0) sha256=e35d1b5f3c081753ef361f564919db79000f32cfa6f20ee3a3ba5921b41b73ce
  dry-core (1.2.0) sha256=0cc5a7da88df397f153947eeeae42e876e999c1e30900f3c536fb173854e96a1
  dry-inflector (1.3.1) sha256=7fb0c2bb04f67638f25c52e7ba39ab435d922a3a5c3cd196120f63accb682dcc
  dry-initializer (3.2.0) sha256=37d59798f912dc0a1efe14a4db4a9306989007b302dcd5f25d0a2a20c166c4e3
  dry-logic (1.6.0) sha256=da6fedbc0f90fc41f9b0cc7e6f05f5d529d1efaef6c8dcc8e0733f685745cea2
  dry-schema (1.16.0) sha256=cd3aaeabc0f1af66ec82a29096d4c4fb92a0a58b9dae29a22b1bbceb78985727
  dry-types (1.9.1) sha256=baebeecdb9f8395d6c9d227b62011279440943e3ef2468fe8ccc1ba11467f178
  erb (6.0.4) sha256=38e3803694be357fe2bfe312487c74beaf9fb4e5beb3e22498952fe1645b95d9
  ffi (1.17.4-aarch64-linux-gnu) sha256=b208f06f91ffd8f5e1193da3cae3d2ccfc27fc36fba577baf698d26d91c080df
  ffi (1.17.4-aarch64-linux-musl) sha256=9286b7a615f2676245283aef0a0a3b475ae3aae2bb5448baace630bb77b91f39
  ffi (1.17.4-arm-linux-gnu) sha256=d6dbddf7cb77bf955411af5f187a65b8cd378cb003c15c05697f5feee1cb1564
  ffi (1.17.4-arm-linux-musl) sha256=9d4838ded0465bef6e2426935f6bcc93134b6616785a84ffd2a3d82bc3cf6f95
  ffi (1.17.4-arm64-darwin) sha256=19071aaf1419251b0a46852abf960e77330a3b334d13a4ab51d58b31a937001b
  ffi (1.17.4-x86_64-darwin) sha256=aa70390523cf3235096cf64962b709b4cfbd5c082a2cb2ae714eb0fe2ccda496
  ffi (1.17.4-x86_64-linux-gnu) sha256=9d3db14c2eae074b382fa9c083fe95aec6e0a1451da249eab096c34002bc752d
  ffi (1.17.4-x86_64-linux-musl) sha256=3fdf9888483de005f8ef8d1cf2d3b20d86626af206cbf780f6a6a12439a9c49e
  formatador (1.2.3) sha256=19fa898133c2c26cdbb5d09f6998c1e137ad9427a046663e55adfe18b950d894
  gem_bench (2.0.5) sha256=0dc0fb44a5a5eb7b2f5c1c68a5b0164d72007132822c012bac3abe976b199ead
  geom2d (0.4.1) sha256=ea0998ea90c4f2752e24fe13d85a4f89bee689d151316140ebcc6369bf634ed9
  gitmoji-regex (2.0.2) sha256=7d8648cedbd3674e086a2c37d9e8078ce109751cb1e687de077e0252f0113d94
  growl (1.0.3) sha256=c926f6fa77800a1cfab1c0a9e4c3608c93b5619145062cf6ba545949553d1e68
  guard (2.20.1) sha256=ab9cd7873854e6b76080c0589f781ff3e390e441bdda20165804df54f977015a
  guard-bundler (3.1.0) sha256=d0e60e46d6c06e201e79f61623211f64961cb000188f55fb76e36dc892ff0e35
  guard-compat (1.2.1) sha256=3ad21ab0070107f92edfd82610b5cdc2fb8e368851e72362ada9703443d646fe
  guard-rspec (4.7.3) sha256=a47ba03cbd1e3c71e6ae8645cea97e203098a248aede507461a43e906e2f75ca
  hashie (5.1.0) sha256=c266471896f323c446ea8207f8ffac985d2718df0a0ba98651a3057096ca3870
  hexapdf (1.9.1) sha256=2d1f6a3622e6bc2a70a707d4c3f3fa44f5552ecd9d899f6283abb07398a84884
  io-console (0.8.2) sha256=d6e3ae7a7cc7574f4b8893b4fca2162e57a825b223a177b7afa236c5ef9814cc
  irb (1.18.0) sha256=de9454a0703a54704b9811a5ef31a60c86949fbf4013fcf244fabc7c775248e3
  json (2.19.9) sha256=9b9025b7cdddafa38d316eca0b2358488e42d417045c1b90d216a9fefe46b79a
  kettle-dev (2.2.9) sha256=9b3dfb70aeb5b208159a386b2be22912f2da5410907c3facf441f879822682b6
  kettle-soup-cover (2.0.2) sha256=e400380e165cc880fb0c83f05b2836d815c414b4c707e9c93d5b91979ab12ab4
  kettle-test (2.0.5) sha256=98fd96f03c4470cd2cb0b1cef339455064d8a68bc180f70864d85fd74f41d978
  kramdown (2.5.2) sha256=1ba542204c66b6f9111ff00dcc26075b95b220b07f2905d8261740c82f7f02fa
  kramdown-parser-gfm (1.1.0) sha256=fb39745516427d2988543bf01fc4cf0ab1149476382393e0e9c48592f6581729
  language_server-protocol (3.17.0.5) sha256=fd1e39a51a28bf3eec959379985a72e296e9f9acfce46f6a79d31ca8760803cc
  lint_roller (1.1.0) sha256=2c0c845b632a7d172cb849cc90c1bce937a28c5c8ccccb50dfd46a485003cc87
  listen (3.10.0) sha256=c6e182db62143aeccc2e1960033bebe7445309c7272061979bb098d03760c9d2
  logger (1.7.0) sha256=196edec7cc44b66cfb40f9755ce11b392f21f7967696af15d274dde7edff0203
  lumberjack (1.4.2) sha256=40de5ae46321380c835031bcc1370f13bba304d29f2b5f5bb152061a5a191b95
  method_source (1.1.0) sha256=181301c9c45b731b4769bc81e8860e72f9161ad7d66dd99103c9ab84f560f5c5
  mutex_m (0.3.0) sha256=cfcb04ac16b69c4813777022fdceda24e9f798e48092a2b817eb4c0a782b0751
  nenv (0.3.0) sha256=d9de6d8fb7072228463bf61843159419c969edb34b3cef51832b516ae7972765
  net-ldap (0.20.0) sha256=b2080b350753a9ac4930869ded8e61a1d2151c01e03b0bf07b4675cbd9ce5372
  nokogiri (1.19.3-aarch64-linux-gnu) sha256=46b89e5d7b9e844c2ee360794240c6ea2a4e6fa0c5892a4ed487db621224b639
  nokogiri (1.19.3-aarch64-linux-musl) sha256=8392dfdcd21be7a94dbbe9ccc138dea01b97b24cb2dc02a114ca98bfb1d9a0b7
  nokogiri (1.19.3-arm-linux-gnu) sha256=3919d5ffc334ad778a4a9eb88fda7dcb8b1fb58c8a52ac640c6dcd2f038e774f
  nokogiri (1.19.3-arm-linux-musl) sha256=9ce1cb6346bb9c67b1550eb537aa183ead91e4b6eadb2f36ade02d8dd2a79fb6
  nokogiri (1.19.3-arm64-darwin) sha256=71b9bd424b1b7abc18b05052a1a3cfd3627abdca62be280854cc411791357e42
  nokogiri (1.19.3-x86_64-darwin) sha256=77f3fba57d46c53ab31e62fc6c28f705109d1bf6264356c76f132b2be5728d4d
  nokogiri (1.19.3-x86_64-linux-gnu) sha256=2f5078620fe12e83669b5b17311b32532a8153d02eee7ad06948b926d6080976
  nokogiri (1.19.3-x86_64-linux-musl) sha256=248c906d2166eca5efb56d52fdee5f9a1f51d69a72e2b64fdac647b4ce39ea3f
  nomono (1.0.4) sha256=1ad249afd491e46f0f32264f824d45c26d9030f8977ca13f258651c7e015bcc9
  notiffany (0.1.3) sha256=d37669605b7f8dcb04e004e6373e2a780b98c776f8eb503ac9578557d7808738
  omniauth (2.1.4) sha256=42a05b0496f0d22e1dd85d42aaf602f064e36bb47a6826a27ab55e5ba608763c
  omniauth-ldap (3.0.1)
  openssl (4.0.2) sha256=1037ad2868ae58df9ad917891c0c0f9815a1172f6846d4bcdd508e4c2ee747c2
  ostruct (0.6.3) sha256=95a2ed4a4bd1d190784e666b47b2d3f078e4a9efda2fccf18f84ddc6538ed912
  parallel (1.28.0) sha256=33e6de1484baf2524792d178b0913fc8eb94c628d6cfe45599ad4458c638c970
  parallel_tests (5.7.0) sha256=3f1762c46ca2c223b8af8ef877217f9d76974e191bfa934f2580b58bcf1d005c
  parser (3.3.11.1) sha256=d17ace7aabe3e72c3cc94043714be27cc6f852f104d81aa284c2281aecc65d54
  pp (0.6.3) sha256=2951d514450b93ccfeb1df7d021cae0da16e0a7f95ee1e2273719669d0ab9df6
  prettyprint (0.2.0) sha256=2bc9e15581a94742064a3cc8b0fb9d45aae3d03a1baa6ef80922627a0766f193
  prism (1.9.0) sha256=7b530c6a9f92c24300014919c9dcbc055bf4cdf51ec30aed099b06cd6674ef85
  pry (0.16.0) sha256=d76c69065698ed1f85e717bd33d7942c38a50868f6b0673c636192b3d1b6054e
  psych (5.4.0) sha256=14f72d69a611af663d7d70e4a7b67d9eb1f3ae9f8d916b478961d5a0075ba5b7
  public_suffix (7.0.5) sha256=1a8bb08f1bbea19228d3bed6e5ed908d1cb4f7c2726d18bd9cadf60bc676f623
  pyu-ruby-sasl (0.0.3.3) sha256=5683a6bc5738db5a1bf5ceddeaf545405fb241b4184dd4f2587e679a7e9497e5
  racc (1.8.1) sha256=4a7f6929691dbec8b5209a0b373bc2614882b55fc5d2e447a21aaa691303d62f
  rack (3.2.6) sha256=5ed78e1f73b2e25679bec7d45ee2d4483cc4146eb1be0264fc4d94cb5ef212c2
  rack-protection (4.2.1) sha256=cf6e2842df8c55f5e4d1a4be015e603e19e9bc3a7178bae58949ccbb58558bac
  rack-test (2.2.0) sha256=005a36692c306ac0b4a9350355ee080fd09ddef1148a5f8b2ac636c720f5c463
  rainbow (3.1.1) sha256=039491aa3a89f42efa1d6dec2fc4e62ede96eb6acd95e52f1ad581182b79bc6a
  rake (13.4.2) sha256=cb825b2bd5f1f8e91ca37bddb4b9aaf345551b4731da62949be002fa89283701
  rb-fsevent (0.11.2) sha256=43900b972e7301d6570f64b850a5aa67833ee7d87b458ee92805d56b7318aefe
  rb-inotify (0.11.1) sha256=a0a700441239b0ff18eb65e3866236cd78613d6b9f78fea1f9ac47a85e47be6e
  rbs (4.0.2) sha256=af75671e66cd03434cc546622741ebf83f6197ec4328375805306330bf78ef25
  rdoc (6.17.0) sha256=0f50d4e568fc98195f9bb155a9e8dff6c7feabfb515fb22ef6df1d12ad5a02b7
  reek (6.5.0) sha256=d26d3a492773b2bbc228888067a21afe33ac07954a17dbd64cdeae42c4c69be1
  regexp_parser (2.12.0) sha256=35a916a1d63190ab5c9009457136ae5f3c0c7512d60291d0d1378ba18ce08ebb
  reline (0.6.3) sha256=1198b04973565b36ec0f11542ab3f5cfeeec34823f4e54cebde90968092b1835
  require_bench (1.0.4) sha256=c8ef54aac5c01f80bb5f110f7c08d304417a6c7b34f3683e1923227b6e65d004
  rexml (3.4.4) sha256=19e0a2c3425dfbf2d4fc1189747bdb2f849b6c5e74180401b15734bc97b5d142
  roda (3.105.0) sha256=1273b4f84f606a32fd17114b92b345196d18e8afb07c4b75b873354a54bd6e35
  rspec (3.13.2) sha256=206284a08ad798e61f86d7ca3e376718d52c0bc944626b2349266f239f820587
  rspec-block_is_expected (1.0.6) sha256=bbad3dc30eba93becf4dcb3fd1bff5f37f6e212ab5cbf6132c07edba6ff74282
  rspec-core (3.13.6) sha256=a8823c6411667b60a8bca135364351dda34cd55e44ff94c4be4633b37d828b2d
  rspec-expectations (3.13.5) sha256=33a4d3a1d95060aea4c94e9f237030a8f9eae5615e9bd85718fe3a09e4b58836
  rspec-mocks (3.13.8) sha256=086ad3d3d17533f4237643de0b5c42f04b66348c28bf6b9c2d3f4a3b01af1d47
  rspec-pending_for (0.1.20) sha256=2130c6c959d05b61de1955e7dd986418aec4888b6f80f0711a1f88540a09d3cb
  rspec-stubbed_env (1.0.4) sha256=647886e16338bc4028fd18dde07944c945f773cc65afaa258930196da780e70f
  rspec-support (3.13.7) sha256=0640e5570872aafefd79867901deeeeb40b0c9875a36b983d85f54fb7381c47c
  rspec_junit_formatter (0.6.0) sha256=40dde674e6ae4e6cc0ff560da25497677e34fefd2338cc467a8972f602b62b15
  rubocop (1.87.0) sha256=b9d9ddf55116a513f8ef2c7ae660662d8b49301f118d3f0df61865b33a5c188d
  rubocop-ast (1.49.1) sha256=4412f3ee70f6fe4546cc489548e0f6fcf76cafcfa80fa03af67098ffed755035
  rubocop-capybara (2.23.0) sha256=f9ea1ba3a7561ee8e88cf76fc378ce517ce5327155f305ee7b5c2500e5aee357
  rubocop-env (0.1.0) sha256=5ab9a259e71822bf514c8e900a9b68cc2f74ccc87d5493efcd03213f3068e718
  rubocop-factory_bot (2.28.0) sha256=4b17fc02124444173317e131759d195b0d762844a71a29fe8139c1105d92f0cb
  rubocop-gradual (0.4.0) sha256=9c7e584e6fef6c2539266a193a4572c970c22f99046fd6b0305bdde6228f96ad
  rubocop-lts (8.3.0) sha256=c48b226deda2ac3b3e0b256d035d18ce2d049a67f9c007b389858a32966f9b40
  rubocop-lts-rspec (1.0.3) sha256=4ced2fdb793c1eea69f935374ef520558c4a2b82154af95efd1dc8888e27b29c
  rubocop-md (2.0.4) sha256=0d076b6b5e99dea2ddc928c4bd702497decb9a8400da7808091e02ebcafcfb93
  rubocop-minitest (0.39.1) sha256=998398d6da4026d297f0f9bf709a1eac5f2b6947c24431f94af08138510cf7ed
  rubocop-on-rbs (2.0.0) sha256=ce74d1b3d5daead19f4b611623656c185821dfc9aed9c7079bb1e5d7d7c464be
  rubocop-packaging (0.6.0) sha256=fb92bd0fb48e6f8cdb1648d2249b0cd51c2497dcc87340132d22f01edbf558a7
  rubocop-performance (1.26.1) sha256=cd19b936ff196df85829d264b522fd4f98b6c89ad271fa52744a8c11b8f71834
  rubocop-rake (0.7.1) sha256=3797f2b6810c3e9df7376c26d5f44f3475eda59eb1adc38e6f62ecf027cbae4d
  rubocop-rspec (3.10.2) sha256=0b3e2ecc592cd10ecbf0095bb58d1e357905276e069643523cc19eb7495f65e2
  rubocop-rspec-extra (0.3.0) sha256=ee4b6484d0332a0d23c4a465eeb607e41888eb3d4ed479f850b9f5212514f787
  rubocop-rspec_rails (2.32.0) sha256=4a0d641c72f6ebb957534f539d9d0a62c47abd8ce0d0aeee1ef4701e892a9100
  rubocop-ruby2_2 (3.0.2) sha256=17b343e195fea52be4a645997f9c6498211f7a4bde9ea416a8f8991970bf4a4c
  rubocop-thread_safety (0.7.3) sha256=067cdd52fbf5deffc18995437e45b5194236eaff4f71de3375a1f6052e48f431
  ruby-progressbar (1.13.0) sha256=80fc9c47a9b640d6834e0dc7b3c94c9df37f08cb072b7761e4a71e22cff29b33
  ruby_engine (2.0.3) sha256=ca2ae7def8cfcdc2bfb6a186d36d5d59c8b403245dc0256c3802b767fa278aaa
  ruby_version (1.0.3) sha256=5930f9950746b7e6c973184398ee364ee7440b170fef7922b9f5cdf317f1ccb5
  rubyntlm (0.6.5) sha256=47013402b99ae29ee93f930af51edaec8c6008556f4be25705a422b4430314f5
  shellany (0.0.1) sha256=0e127a9132698766d7e752e82cdac8250b6adbd09e6c0a7fbbb6f61964fedee7
  silent_stream (1.0.12) sha256=377c43aa10033fe90c33b39ea8cd97d79f2d1c4856df598efc56f3091f3ae782
  simplecov (0.22.0) sha256=fe2622c7834ff23b98066bb0a854284b2729a569ac659f82621fc22ef36213a5
  simplecov-cobertura (3.2.0) sha256=70d702658677fcb20e5aceb6915ccf8bc62ff2ccd38b62b3ad5c9db5c0888740
  simplecov-console (0.9.5) sha256=b1108bcfff5f210143e2b8301698c367b01586f20d25a73e95475a5df6fc6ff6
  simplecov-html (0.13.2) sha256=bd0b8e54e7c2d7685927e8d6286466359b6f16b18cb0df47b508e8d73c777246
  simplecov-lcov (0.9.0) sha256=7a77a31e200a595ed4b0249493056efd0c920601f53d2ef135ca34ee796346cd
  simplecov-rcov (0.3.7) sha256=372f50bf6df6b6350b7d0c840f2f8bdabe021861a43c26877b747c9ac96139fc
  simplecov_json_formatter (0.1.4) sha256=529418fbe8de1713ac2b2d612aa3daa56d316975d307244399fa4838c601b428
  standard (1.55.0) sha256=8a8f2c3e681a4db3aafde1b301561b0f3d7c5f06c160167cb744a4d7baf0426e
  standard-custom (1.0.2) sha256=424adc84179a074f1a2a309bb9cf7cd6bfdb2b6541f20c6bf9436c0ba22a652b
  standard-performance (1.9.0) sha256=49483d31be448292951d80e5e67cdcb576c2502103c7b40aec6f1b6e9c88e3f2
  standard-rspec (0.5.0) sha256=64d396524a65af47f5331b423d8cdd313e0267401647bb7892489ca89dad2973
  standard-rubocop-lts (2.0.5) sha256=a379da7bcbe78bfd35e331e1ae0f2a656ded14ee1f5419a3a5284342d14923dc
  stone_checksums (1.0.3) sha256=1d7ee38b7c766c523cbf12ab886ffbae519a2c48288f9d8ecc7ca0deed0701fe
  stringio (3.2.0) sha256=c37cb2e58b4ffbd33fe5cd948c05934af997b36e0b6ca6fdf43afa234cf222e1
  strscan (3.1.8) sha256=aae2db611a225559f21ffbb71765c9a4e60fd262534a9ea84f4f11c7f32f679e
  terminal-table (4.0.0) sha256=f504793203f8251b2ea7c7068333053f0beeea26093ec9962e62ea79f94301d2
  thor (1.5.0) sha256=e3a9e55fe857e44859ce104a84675ab6e8cd59c650a49106a05f55f136425e73
  timecop (0.9.11) sha256=41284dc6e5041f2184f781ace766f942108c842f8d8c1386a26e6343decc7542
  timecop-rspec (1.0.3) sha256=005f14841bb606dcaefb060e321b5388e2e59537742bee8b3a9a9a40e598fab9
  tsort (0.2.0) sha256=9650a793f6859a43b6641671278f79cfead60ac714148aabe4e3f0060480089f
  turbo_tests2 (3.1.3) sha256=2c1bf63a868b4a869ca549d387c39d71362f823605c08ca4ce79a010a4e468fd
  unicode-display_width (3.2.0) sha256=0cdd96b5681a5949cdbc2c55e7b420facae74c4aaf9a9815eee1087cb1853c42
  unicode-emoji (4.2.0) sha256=519e69150f75652e40bf736106cfbc8f0f73aa3fb6a65afe62fefa7f80b0f80f
  version_gem (1.1.12) sha256=b78f691677807997e63901e8aba1b96d4ae172ce5570ad9ceb0208eb3a0edb3d
  webrick (1.9.2) sha256=beb4a15fc474defed24a3bda4ffd88a490d517c9e4e6118c3edce59e45864131
  yaml-converter (0.2.1) sha256=656c5248fcc08d8cafebf8114d73c72112a577d2f8d6f09cdb2d0118eaeb646a
  yard (0.9.44) sha256=eb087e9b631ccd887b049f303d489963945452d5e2a7eb49a5a74a7cf6887f28
  yard-fence (0.9.4) sha256=bf236dce2ef2a552f533e19b180e5be2cb97163eb2b9163bcfa9bafb3fcb1b01
  yard-junk (0.1.0) sha256=e85fe2ec1afa47313decd333447b53458cb1ed49b510b70015fdc3041a94bcdd
  yard-relative_markdown_links (0.6.0) sha256=3e5ffa85cbad9bac70bee5421774b190fb25d3bdf489323a5b3534f647d1a70e
  yard-timekeeper (0.2.1) sha256=561bb43fd7afccefd8d09cef000d3f1e7b3b25614cb5027f35a22218141ace70
  yard-yaml (0.2.1) sha256=90ed570ab8882260e99fd7d8e76e9c921623c77a6fb9e7242b209806d829001d
  zeitwerk (2.8.2) sha256=7212a61311083c604184b1ea2574b9aa05cd14f855a0841c06985cabe9181d12
  zlib (3.2.3) sha256=5bd316698b32f31a64ab910a8b6c282442ca1626a81bbd6a1674e8522e319c20

BUNDLED WITH
  4.0.11
