GIT
  remote: https://github.com/pboling/yard-junk.git
  revision: 54ccebabbfa9a9cd44d0b991687ebbfd22c32b55
  branch: next
  specs:
    yard-junk (0.0.10)
      backports (>= 3.18)
      benchmark
      ostruct
      rainbow
      yard

PATH
  remote: ../auth-sanitizer
  specs:
    auth-sanitizer (0.1.4)
      version_gem (~> 1.1, >= 1.1.9)

PATH
  remote: .
  specs:
    omniauth-ldap (2.3.4)
      auth-sanitizer (~> 0.1, >= 0.1.4)
      net-ldap (~> 0.16, < 1)
      omniauth (>= 1.2, < 3)
      pyu-ruby-sasl (>= 0.0.3.3, < 0.1)
      rack (>= 1, < 4)
      rubyntlm (~> 0.6.2, < 1)
      version_gem (~> 1.1, >= 1.1.9)

GEM
  remote: https://gem.coop/
  specs:
    addressable (2.9.0)
      public_suffix (>= 2.0.2, < 8.0)
    ansi (1.6.0)
    appraisal2 (3.0.6)
      bundler (>= 1.17.3)
      rake (>= 10)
      thor (>= 0.14)
    ast (2.4.3)
    backports (3.25.3)
    base64 (0.3.0)
    benchmark (0.5.0)
    bigdecimal (3.3.1)
    bundler-audit (0.9.3)
      bundler (>= 1.2.0)
      thor (~> 1.0)
    coderay (1.1.3)
    concurrent-ruby (1.3.6)
    date (3.5.1)
    debug (1.11.1)
      irb (~> 1.10)
      reline (>= 0.3.8)
    delegate (0.6.1)
    diff-lcs (1.6.2)
    diffy (3.4.4)
    docile (1.4.1)
    dry-configurable (1.4.0)
      dry-core (~> 1.0)
      zeitwerk (~> 2.6)
    dry-core (1.2.0)
      concurrent-ruby (~> 1.0)
      logger
      zeitwerk (~> 2.6)
    dry-inflector (1.3.1)
    dry-initializer (3.2.0)
    dry-logic (1.6.0)
      bigdecimal
      concurrent-ruby (~> 1.0)
      dry-core (~> 1.1)
      zeitwerk (~> 2.6)
    dry-schema (1.16.0)
      concurrent-ruby (~> 1.0)
      dry-configurable (~> 1.0, >= 1.0.1)
      dry-core (~> 1.1)
      dry-initializer (~> 3.2)
      dry-logic (~> 1.6)
      dry-types (~> 1.9, >= 1.9.1)
      zeitwerk (~> 2.6)
    dry-types (1.9.1)
      bigdecimal (>= 3.0)
      concurrent-ruby (~> 1.0)
      dry-core (~> 1.0)
      dry-inflector (~> 1.0)
      dry-logic (~> 1.4)
      zeitwerk (~> 2.6)
    erb (5.1.3)
    ffi (1.17.4-aarch64-linux-gnu)
    ffi (1.17.4-aarch64-linux-musl)
    ffi (1.17.4-arm-linux-gnu)
    ffi (1.17.4-arm-linux-musl)
    ffi (1.17.4-arm64-darwin)
    ffi (1.17.4-x86_64-darwin)
    ffi (1.17.4-x86_64-linux-gnu)
    ffi (1.17.4-x86_64-linux-musl)
    formatador (1.2.3)
      reline
    gem_bench (2.0.5)
      bundler (>= 1.14)
      version_gem (~> 1.1, >= 1.1.4)
    gitmoji-regex (1.0.3)
      version_gem (~> 1.1, >= 1.1.8)
    growl (1.0.3)
    guard (2.20.1)
      formatador (>= 0.2.4)
      listen (>= 2.7, < 4.0)
      logger (~> 1.6)
      lumberjack (>= 1.0.12, < 2.0)
      nenv (~> 0.1)
      notiffany (~> 0.0)
      pry (>= 0.13.0)
      shellany (~> 0.0)
      thor (>= 0.18.1)
    guard-bundler (3.1.0)
      bundler (>= 2.1, < 5)
      guard (~> 2.2)
      guard-compat (~> 1.1)
    guard-compat (1.2.1)
    guard-rspec (4.7.3)
      guard (~> 2.1)
      guard-compat (~> 1.1)
      rspec (>= 2.99.0, < 4.0)
    hashie (5.1.0)
      logger
    io-console (0.8.2)
    irb (1.18.0)
      pp (>= 0.6.0)
      prism (>= 1.3.0)
      rdoc (>= 4.0.0)
      reline (>= 0.4.2)
    json (2.19.5)
    kettle-dev (1.2.4)
    kettle-soup-cover (1.1.1)
      simplecov (~> 0.22)
      simplecov-cobertura (~> 3.0)
      simplecov-console (~> 0.9, >= 0.9.3)
      simplecov-html (~> 0.13, >= 0.13.1)
      simplecov-lcov (~> 0.8)
      simplecov-rcov (~> 0.3, >= 0.3.7)
      simplecov_json_formatter (~> 0.1, >= 0.1.4)
      version_gem (~> 1.1, >= 1.1.9)
    kettle-test (1.0.10)
      appraisal2 (~> 3.0, >= 3.0.2)
      backports (~> 3.0)
      rspec (~> 3.0)
      rspec-block_is_expected (~> 1.0, >= 1.0.6)
      rspec-pending_for (~> 0.1, >= 0.1.19)
      rspec-stubbed_env (~> 1.0, >= 1.0.4)
      rspec_junit_formatter (~> 0.6)
      silent_stream (~> 1.0, >= 1.0.12)
      timecop-rspec (~> 1.0, >= 1.0.3)
      version_gem (~> 1.1, >= 1.1.9)
    kramdown (2.5.2)
      rexml (>= 3.4.4)
    kramdown-parser-gfm (1.1.0)
      kramdown (~> 2.0)
    language_server-protocol (3.17.0.5)
    lint_roller (1.1.0)
    listen (3.10.0)
      logger
      rb-fsevent (~> 0.10, >= 0.10.3)
      rb-inotify (~> 0.9, >= 0.9.10)
    logger (1.7.0)
    lumberjack (1.4.2)
    matrix (0.4.3)
    method_source (1.1.0)
    mutex_m (0.3.0)
    nenv (0.3.0)
    net-ldap (0.20.0)
      base64
      ostruct
    nokogiri (1.19.3-aarch64-linux-gnu)
      racc (~> 1.4)
    nokogiri (1.19.3-aarch64-linux-musl)
      racc (~> 1.4)
    nokogiri (1.19.3-arm-linux-gnu)
      racc (~> 1.4)
    nokogiri (1.19.3-arm-linux-musl)
      racc (~> 1.4)
    nokogiri (1.19.3-arm64-darwin)
      racc (~> 1.4)
    nokogiri (1.19.3-x86_64-darwin)
      racc (~> 1.4)
    nokogiri (1.19.3-x86_64-linux-gnu)
      racc (~> 1.4)
    nokogiri (1.19.3-x86_64-linux-musl)
      racc (~> 1.4)
    notiffany (0.1.3)
      nenv (~> 0.1)
      shellany (~> 0.0)
    omniauth (2.1.4)
      hashie (>= 3.4.6)
      logger
      rack (>= 2.2.3)
      rack-protection
    ostruct (0.6.3)
    parallel (1.28.0)
    parser (3.3.11.1)
      ast (~> 2.4.1)
      racc
    pdf-core (0.10.0)
    pp (0.6.3)
      prettyprint
    prawn (2.5.0)
      matrix (~> 0.4)
      pdf-core (~> 0.10.0)
      ttfunk (~> 1.8)
    prettyprint (0.2.0)
    prism (1.9.0)
    pry (0.16.0)
      coderay (~> 1.1)
      method_source (~> 1.0)
      reline (>= 0.6.0)
    psych (5.3.1)
      date
      stringio
    public_suffix (7.0.5)
    pyu-ruby-sasl (0.0.3.3)
    racc (1.8.1)
    rack (3.2.6)
    rack-protection (4.2.1)
      base64 (>= 0.1.0)
      logger (>= 1.6.0)
      rack (>= 3.0.0, < 4)
    rack-test (2.2.0)
      rack (>= 1.3)
    rainbow (3.1.1)
    rake (13.4.2)
    rb-fsevent (0.11.2)
    rb-inotify (0.11.1)
      ffi (~> 1.0)
    rbs (3.10.4)
      logger
      tsort
    rdoc (6.17.0)
      erb
      psych (>= 4.0.0)
      tsort
    reek (6.5.0)
      dry-schema (~> 1.13)
      logger (~> 1.6)
      parser (~> 3.3.0)
      rainbow (>= 2.0, < 4.0)
      rexml (~> 3.1)
    regexp_parser (2.12.0)
    reline (0.6.3)
      io-console (~> 0.5)
    require_bench (1.0.4)
      version_gem (>= 1.1.3, < 4)
    rexml (3.4.4)
    roda (3.104.0)
      rack
    rspec (3.13.2)
      rspec-core (~> 3.13.0)
      rspec-expectations (~> 3.13.0)
      rspec-mocks (~> 3.13.0)
    rspec-block_is_expected (1.0.6)
    rspec-core (3.13.6)
      rspec-support (~> 3.13.0)
    rspec-expectations (3.13.5)
      diff-lcs (>= 1.2.0, < 2.0)
      rspec-support (~> 3.13.0)
    rspec-mocks (3.13.8)
      diff-lcs (>= 1.2.0, < 2.0)
      rspec-support (~> 3.13.0)
    rspec-pending_for (0.1.20)
      rspec-core (~> 3.0)
      ruby_engine (~> 2.0)
      ruby_version (~> 1.0)
      version_gem (~> 1.1, >= 1.1.8)
    rspec-stubbed_env (1.0.4)
    rspec-support (3.13.7)
    rspec_junit_formatter (0.6.0)
      rspec-core (>= 2, < 4, != 2.12.0)
    rubocop (1.84.2)
      json (~> 2.3)
      language_server-protocol (~> 3.17.0.2)
      lint_roller (~> 1.1.0)
      parallel (~> 1.10)
      parser (>= 3.3.0.2)
      rainbow (>= 2.2.2, < 4.0)
      regexp_parser (>= 2.9.3, < 3.0)
      rubocop-ast (>= 1.49.0, < 2.0)
      ruby-progressbar (~> 1.7)
      unicode-display_width (>= 2.4.0, < 4.0)
    rubocop-ast (1.49.1)
      parser (>= 3.3.7.2)
      prism (~> 1.7)
    rubocop-gradual (0.3.6)
      diff-lcs (>= 1.2.0, < 2.0)
      diffy (~> 3.0)
      parallel (~> 1.10)
      rainbow (>= 2.2.2, < 4.0)
      rubocop (~> 1.0)
    rubocop-lts (8.1.1)
      rubocop-ruby2_2 (>= 2.0.3, < 3)
      standard-rubocop-lts (>= 1.0.3, < 3)
      version_gem (>= 1.1.2, < 3)
    rubocop-md (1.2.4)
      rubocop (>= 1.45)
    rubocop-on-rbs (1.9.1)
      lint_roller (~> 1.1)
      rbs (~> 3.5)
      rubocop (>= 1.72.1, < 2.0)
      zlib
    rubocop-packaging (0.6.0)
      lint_roller (~> 1.1.0)
      rubocop (>= 1.72.1, < 2.0)
    rubocop-performance (1.26.1)
      lint_roller (~> 1.1)
      rubocop (>= 1.75.0, < 2.0)
      rubocop-ast (>= 1.47.1, < 2.0)
    rubocop-rake (0.7.1)
      lint_roller (~> 1.1)
      rubocop (>= 1.72.1)
    rubocop-rspec (3.9.0)
      lint_roller (~> 1.1)
      rubocop (~> 1.81)
    rubocop-ruby2_2 (2.0.5)
      rubocop-gradual (~> 0.3, >= 0.3.1)
      rubocop-md (~> 1.2)
      rubocop-rake (~> 0.6)
      rubocop-shopify (~> 2.14)
      rubocop-thread_safety (~> 0.5, >= 0.5.1)
      standard-rubocop-lts (~> 1.0, >= 1.0.7)
      version_gem (>= 1.1.3, < 3)
    rubocop-shopify (2.18.0)
      rubocop (~> 1.62)
    rubocop-thread_safety (0.7.3)
      lint_roller (~> 1.1)
      rubocop (~> 1.72, >= 1.72.1)
      rubocop-ast (>= 1.44.0, < 2.0)
    ruby-progressbar (1.13.0)
    ruby_engine (2.0.3)
    ruby_version (1.0.3)
    rubyntlm (0.6.5)
      base64
    shellany (0.0.1)
    silent_stream (1.0.12)
      logger (~> 1.2)
      version_gem (>= 1.1.8, < 3)
    simplecov (0.22.0)
      docile (~> 1.1)
      simplecov-html (~> 0.11)
      simplecov_json_formatter (~> 0.1)
    simplecov-cobertura (3.1.0)
      rexml
      simplecov (~> 0.19)
    simplecov-console (0.9.5)
      ansi
      simplecov
      terminal-table
    simplecov-html (0.13.2)
    simplecov-lcov (0.9.0)
    simplecov-rcov (0.3.7)
      simplecov (>= 0.4.1)
    simplecov_json_formatter (0.1.4)
    standard (1.54.0)
      language_server-protocol (~> 3.17.0.2)
      lint_roller (~> 1.0)
      rubocop (~> 1.84.0)
      standard-custom (~> 1.0.0)
      standard-performance (~> 1.8)
    standard-custom (1.0.2)
      lint_roller (~> 1.0)
      rubocop (~> 1.50)
    standard-performance (1.9.0)
      lint_roller (~> 1.1)
      rubocop-performance (~> 1.26.0)
    standard-rubocop-lts (1.0.10)
      rspec-block_is_expected (~> 1.0, >= 1.0.5)
      standard (>= 1.35.1, < 2)
      standard-custom (>= 1.0.2, < 2)
      standard-performance (>= 1.3.1, < 2)
      version_gem (>= 1.1.4, < 3)
    stone_checksums (1.0.3)
      version_gem (~> 1.1, >= 1.1.9)
    stringio (3.2.0)
    terminal-table (4.0.0)
      unicode-display_width (>= 1.1.1, < 4)
    thor (1.5.0)
    timecop (0.9.11)
    timecop-rspec (1.0.3)
      delegate (~> 0.1)
      rspec (~> 3.0)
      timecop (>= 0.7, < 1)
    tsort (0.2.0)
    ttfunk (1.8.0)
      bigdecimal (~> 3.1)
    unicode-display_width (3.2.0)
      unicode-emoji (~> 4.1)
    unicode-emoji (4.2.0)
    version_gem (1.1.9)
    yaml-converter (0.1.0)
      kramdown (>= 2.4, < 3)
      kramdown-parser-gfm (~> 1.1)
      prawn (>= 2.5, < 3)
      version_gem (~> 1.1, >= 1.1.9)
    yard (0.9.43)
    yard-fence (0.8.2)
      rdoc (~> 6.11)
      version_gem (~> 1.1, >= 1.1.9)
      yard (~> 0.9, >= 0.9.37)
    yard-relative_markdown_links (0.5.0)
      nokogiri (>= 1.14.3, < 2)
    yard-yaml (0.1.0)
      version_gem (~> 1.1, >= 1.1.9)
      yaml-converter (~> 0.1)
    zeitwerk (2.8.1)
    zlib (3.2.3)

PLATFORMS
  aarch64-linux-gnu
  aarch64-linux-musl
  arm-linux-gnu
  arm-linux-musl
  arm64-darwin
  x86_64-darwin
  x86_64-linux-gnu
  x86_64-linux-musl

DEPENDENCIES
  addressable (>= 2.8, < 3)
  appraisal2 (~> 3.0)
  auth-sanitizer!
  benchmark (~> 0.4, >= 0.4.1)
  bundler-audit (~> 0.9.2)
  debug (>= 1.1)
  erb (~> 5.0)
  gem_bench (~> 2.0, >= 2.0.5)
  gitmoji-regex (~> 1.0, >= 1.0.3)
  growl
  guard
  guard-bundler
  guard-rspec
  irb (~> 1.15, >= 1.15.2)
  kettle-dev (~> 1.1)
  kettle-soup-cover (~> 1.0, >= 1.0.10)
  kettle-test (~> 1.0, >= 1.0.6)
  kramdown (~> 2.5, >= 2.5.1)
  kramdown-parser-gfm (~> 1.1)
  mutex_m (~> 0.2)
  omniauth-ldap!
  rack-test (~> 2.2)
  rake (~> 13.0)
  rb-fsevent
  rdoc (~> 6.11)
  reek (~> 6.5)
  require_bench (~> 1.0, >= 1.0.4)
  roda (~> 3.97)
  rubocop-lts (~> 8.0)
  rubocop-on-rbs (~> 1.8)
  rubocop-packaging (~> 0.6, >= 0.6.0)
  rubocop-rspec (~> 3.6)
  rubocop-ruby2_2
  ruby-progressbar (~> 1.13)
  standard (>= 1.50)
  stone_checksums (~> 1.0, >= 1.0.2)
  stringio (>= 3.0)
  yaml-converter (~> 0.1)
  yard (~> 0.9, >= 0.9.37)
  yard-fence (~> 0.8)
  yard-junk (~> 0.0, >= 0.0.10)!
  yard-relative_markdown_links (~> 0.5.0)
  yard-yaml (~> 0.1)

CHECKSUMS
  addressable (2.9.0) sha256=7fdf6ac3660f7f4e867a0838be3f6cf722ace541dd97767fa42bc6cfa980c7af
  ansi (1.6.0) sha256=ac9ea0c0ea8d32fb4e271348e609963ac78882f34b73836c2a02b3622e666658
  appraisal2 (3.0.6) sha256=09387896b6c8c8c0ff0749af691ddff5e3168de2f06b591a80d8fd8b6394d147
  ast (2.4.3) sha256=954615157c1d6a382bc27d690d973195e79db7f55e9765ac7c481c60bdb4d383
  auth-sanitizer (0.1.4)
  backports (3.25.3) sha256=94298d32dc3c40ca15633b54e282780b49e2db0c045f602ea1907e4f63a17235
  base64 (0.3.0) sha256=27337aeabad6ffae05c265c450490628ef3ebd4b67be58257393227588f5a97b
  benchmark (0.5.0) sha256=465df122341aedcb81a2a24b4d3bd19b6c67c1530713fd533f3ff034e419236c
  bigdecimal (3.3.1) sha256=eaa01e228be54c4f9f53bf3cc34fe3d5e845c31963e7fcc5bedb05a4e7d52218
  bundler-audit (0.9.3) sha256=81c8766c71e47d0d28a0f98c7eed028539f21a6ea3cd8f685eb6f42333c9b4e9
  coderay (1.1.3) sha256=dc530018a4684512f8f38143cd2a096c9f02a1fc2459edcfe534787a7fc77d4b
  concurrent-ruby (1.3.6) sha256=6b56837e1e7e5292f9864f34b69c5a2cbc75c0cf5338f1ce9903d10fa762d5ab
  date (3.5.1) sha256=750d06384d7b9c15d562c76291407d89e368dda4d4fff957eb94962d325a0dc0
  debug (1.11.1) sha256=2e0b0ac6119f2207a6f8ac7d4a73ca8eb4e440f64da0a3136c30343146e952b6
  delegate (0.6.1) sha256=54cf946cacfe05b1c23114edd8fbd8d54e9cea7abf36b95130ab53cc88b8f7e4
  diff-lcs (1.6.2) sha256=9ae0d2cba7d4df3075fe8cd8602a8604993efc0dfa934cff568969efb1909962
  diffy (3.4.4) sha256=79384ab5ca82d0e115b2771f0961e27c164c456074bd2ec46b637ebf7b6e47e3
  docile (1.4.1) sha256=96159be799bfa73cdb721b840e9802126e4e03dfc26863db73647204c727f21e
  dry-configurable (1.4.0) sha256=e35d1b5f3c081753ef361f564919db79000f32cfa6f20ee3a3ba5921b41b73ce
  dry-core (1.2.0) sha256=0cc5a7da88df397f153947eeeae42e876e999c1e30900f3c536fb173854e96a1
  dry-inflector (1.3.1) sha256=7fb0c2bb04f67638f25c52e7ba39ab435d922a3a5c3cd196120f63accb682dcc
  dry-initializer (3.2.0) sha256=37d59798f912dc0a1efe14a4db4a9306989007b302dcd5f25d0a2a20c166c4e3
  dry-logic (1.6.0) sha256=da6fedbc0f90fc41f9b0cc7e6f05f5d529d1efaef6c8dcc8e0733f685745cea2
  dry-schema (1.16.0) sha256=cd3aaeabc0f1af66ec82a29096d4c4fb92a0a58b9dae29a22b1bbceb78985727
  dry-types (1.9.1) sha256=baebeecdb9f8395d6c9d227b62011279440943e3ef2468fe8ccc1ba11467f178
  erb (5.1.3) sha256=566e53057b6ba48699f824b578473b391fa8aef100aa14afad1c46725fae0e67
  ffi (1.17.4-aarch64-linux-gnu) sha256=b208f06f91ffd8f5e1193da3cae3d2ccfc27fc36fba577baf698d26d91c080df
  ffi (1.17.4-aarch64-linux-musl) sha256=9286b7a615f2676245283aef0a0a3b475ae3aae2bb5448baace630bb77b91f39
  ffi (1.17.4-arm-linux-gnu) sha256=d6dbddf7cb77bf955411af5f187a65b8cd378cb003c15c05697f5feee1cb1564
  ffi (1.17.4-arm-linux-musl) sha256=9d4838ded0465bef6e2426935f6bcc93134b6616785a84ffd2a3d82bc3cf6f95
  ffi (1.17.4-arm64-darwin) sha256=19071aaf1419251b0a46852abf960e77330a3b334d13a4ab51d58b31a937001b
  ffi (1.17.4-x86_64-darwin) sha256=aa70390523cf3235096cf64962b709b4cfbd5c082a2cb2ae714eb0fe2ccda496
  ffi (1.17.4-x86_64-linux-gnu) sha256=9d3db14c2eae074b382fa9c083fe95aec6e0a1451da249eab096c34002bc752d
  ffi (1.17.4-x86_64-linux-musl) sha256=3fdf9888483de005f8ef8d1cf2d3b20d86626af206cbf780f6a6a12439a9c49e
  formatador (1.2.3) sha256=19fa898133c2c26cdbb5d09f6998c1e137ad9427a046663e55adfe18b950d894
  gem_bench (2.0.5) sha256=0dc0fb44a5a5eb7b2f5c1c68a5b0164d72007132822c012bac3abe976b199ead
  gitmoji-regex (1.0.3) sha256=538c6f49f5af6dc36d1630edb89a5a66f6e14ec5850d7fd071e0331f940e553f
  growl (1.0.3) sha256=c926f6fa77800a1cfab1c0a9e4c3608c93b5619145062cf6ba545949553d1e68
  guard (2.20.1) sha256=ab9cd7873854e6b76080c0589f781ff3e390e441bdda20165804df54f977015a
  guard-bundler (3.1.0) sha256=d0e60e46d6c06e201e79f61623211f64961cb000188f55fb76e36dc892ff0e35
  guard-compat (1.2.1) sha256=3ad21ab0070107f92edfd82610b5cdc2fb8e368851e72362ada9703443d646fe
  guard-rspec (4.7.3) sha256=a47ba03cbd1e3c71e6ae8645cea97e203098a248aede507461a43e906e2f75ca
  hashie (5.1.0) sha256=c266471896f323c446ea8207f8ffac985d2718df0a0ba98651a3057096ca3870
  io-console (0.8.2) sha256=d6e3ae7a7cc7574f4b8893b4fca2162e57a825b223a177b7afa236c5ef9814cc
  irb (1.18.0) sha256=de9454a0703a54704b9811a5ef31a60c86949fbf4013fcf244fabc7c775248e3
  json (2.19.5) sha256=218a18553e4801d579ca7e0f5bc72bafd776d7397238a1fb4e74db5b0a812c59
  kettle-dev (1.2.4) sha256=71373c67fe7eb0a9656e70dfd10cf226a15083b6d1be18dafcb5360f21ee98b6
  kettle-soup-cover (1.1.1) sha256=2303885a9d8485d8d43cb250bcf73570f6b6fb997526beeaef3ef54e3501d445
  kettle-test (1.0.10) sha256=ddefc5d54b290ee6dbe5a3983128f6948fa63f624ca676c1e6cfffc9b6878179
  kramdown (2.5.2) sha256=1ba542204c66b6f9111ff00dcc26075b95b220b07f2905d8261740c82f7f02fa
  kramdown-parser-gfm (1.1.0) sha256=fb39745516427d2988543bf01fc4cf0ab1149476382393e0e9c48592f6581729
  language_server-protocol (3.17.0.5) sha256=fd1e39a51a28bf3eec959379985a72e296e9f9acfce46f6a79d31ca8760803cc
  lint_roller (1.1.0) sha256=2c0c845b632a7d172cb849cc90c1bce937a28c5c8ccccb50dfd46a485003cc87
  listen (3.10.0) sha256=c6e182db62143aeccc2e1960033bebe7445309c7272061979bb098d03760c9d2
  logger (1.7.0) sha256=196edec7cc44b66cfb40f9755ce11b392f21f7967696af15d274dde7edff0203
  lumberjack (1.4.2) sha256=40de5ae46321380c835031bcc1370f13bba304d29f2b5f5bb152061a5a191b95
  matrix (0.4.3) sha256=a0d5ab7ddcc1973ff690ab361b67f359acbb16958d1dc072b8b956a286564c5b
  method_source (1.1.0) sha256=181301c9c45b731b4769bc81e8860e72f9161ad7d66dd99103c9ab84f560f5c5
  mutex_m (0.3.0) sha256=cfcb04ac16b69c4813777022fdceda24e9f798e48092a2b817eb4c0a782b0751
  nenv (0.3.0) sha256=d9de6d8fb7072228463bf61843159419c969edb34b3cef51832b516ae7972765
  net-ldap (0.20.0) sha256=b2080b350753a9ac4930869ded8e61a1d2151c01e03b0bf07b4675cbd9ce5372
  nokogiri (1.19.3-aarch64-linux-gnu) sha256=46b89e5d7b9e844c2ee360794240c6ea2a4e6fa0c5892a4ed487db621224b639
  nokogiri (1.19.3-aarch64-linux-musl) sha256=8392dfdcd21be7a94dbbe9ccc138dea01b97b24cb2dc02a114ca98bfb1d9a0b7
  nokogiri (1.19.3-arm-linux-gnu) sha256=3919d5ffc334ad778a4a9eb88fda7dcb8b1fb58c8a52ac640c6dcd2f038e774f
  nokogiri (1.19.3-arm-linux-musl) sha256=9ce1cb6346bb9c67b1550eb537aa183ead91e4b6eadb2f36ade02d8dd2a79fb6
  nokogiri (1.19.3-arm64-darwin) sha256=71b9bd424b1b7abc18b05052a1a3cfd3627abdca62be280854cc411791357e42
  nokogiri (1.19.3-x86_64-darwin) sha256=77f3fba57d46c53ab31e62fc6c28f705109d1bf6264356c76f132b2be5728d4d
  nokogiri (1.19.3-x86_64-linux-gnu) sha256=2f5078620fe12e83669b5b17311b32532a8153d02eee7ad06948b926d6080976
  nokogiri (1.19.3-x86_64-linux-musl) sha256=248c906d2166eca5efb56d52fdee5f9a1f51d69a72e2b64fdac647b4ce39ea3f
  notiffany (0.1.3) sha256=d37669605b7f8dcb04e004e6373e2a780b98c776f8eb503ac9578557d7808738
  omniauth (2.1.4) sha256=42a05b0496f0d22e1dd85d42aaf602f064e36bb47a6826a27ab55e5ba608763c
  omniauth-ldap (2.3.4)
  ostruct (0.6.3) sha256=95a2ed4a4bd1d190784e666b47b2d3f078e4a9efda2fccf18f84ddc6538ed912
  parallel (1.28.0) sha256=33e6de1484baf2524792d178b0913fc8eb94c628d6cfe45599ad4458c638c970
  parser (3.3.11.1) sha256=d17ace7aabe3e72c3cc94043714be27cc6f852f104d81aa284c2281aecc65d54
  pdf-core (0.10.0) sha256=0a5d101e2063c01e3f941e1ee47cbb97f1adfc1395b58372f4f65f1300f3ce91
  pp (0.6.3) sha256=2951d514450b93ccfeb1df7d021cae0da16e0a7f95ee1e2273719669d0ab9df6
  prawn (2.5.0) sha256=f4e20e3b4f30bf5b9ae37dad15eb421831594553aa930b2391b0fa0a99c43cb6
  prettyprint (0.2.0) sha256=2bc9e15581a94742064a3cc8b0fb9d45aae3d03a1baa6ef80922627a0766f193
  prism (1.9.0) sha256=7b530c6a9f92c24300014919c9dcbc055bf4cdf51ec30aed099b06cd6674ef85
  pry (0.16.0) sha256=d76c69065698ed1f85e717bd33d7942c38a50868f6b0673c636192b3d1b6054e
  psych (5.3.1) sha256=eb7a57cef10c9d70173ff74e739d843ac3b2c019a003de48447b2963d81b1974
  public_suffix (7.0.5) sha256=1a8bb08f1bbea19228d3bed6e5ed908d1cb4f7c2726d18bd9cadf60bc676f623
  pyu-ruby-sasl (0.0.3.3) sha256=5683a6bc5738db5a1bf5ceddeaf545405fb241b4184dd4f2587e679a7e9497e5
  racc (1.8.1) sha256=4a7f6929691dbec8b5209a0b373bc2614882b55fc5d2e447a21aaa691303d62f
  rack (3.2.6) sha256=5ed78e1f73b2e25679bec7d45ee2d4483cc4146eb1be0264fc4d94cb5ef212c2
  rack-protection (4.2.1) sha256=cf6e2842df8c55f5e4d1a4be015e603e19e9bc3a7178bae58949ccbb58558bac
  rack-test (2.2.0) sha256=005a36692c306ac0b4a9350355ee080fd09ddef1148a5f8b2ac636c720f5c463
  rainbow (3.1.1) sha256=039491aa3a89f42efa1d6dec2fc4e62ede96eb6acd95e52f1ad581182b79bc6a
  rake (13.4.2) sha256=cb825b2bd5f1f8e91ca37bddb4b9aaf345551b4731da62949be002fa89283701
  rb-fsevent (0.11.2) sha256=43900b972e7301d6570f64b850a5aa67833ee7d87b458ee92805d56b7318aefe
  rb-inotify (0.11.1) sha256=a0a700441239b0ff18eb65e3866236cd78613d6b9f78fea1f9ac47a85e47be6e
  rbs (3.10.4) sha256=b17d7c4be4bb31a11a3b529830f0aa206a807ca42f2e7921a3027dfc6b7e5ce8
  rdoc (6.17.0) sha256=0f50d4e568fc98195f9bb155a9e8dff6c7feabfb515fb22ef6df1d12ad5a02b7
  reek (6.5.0) sha256=d26d3a492773b2bbc228888067a21afe33ac07954a17dbd64cdeae42c4c69be1
  regexp_parser (2.12.0) sha256=35a916a1d63190ab5c9009457136ae5f3c0c7512d60291d0d1378ba18ce08ebb
  reline (0.6.3) sha256=1198b04973565b36ec0f11542ab3f5cfeeec34823f4e54cebde90968092b1835
  require_bench (1.0.4) sha256=c8ef54aac5c01f80bb5f110f7c08d304417a6c7b34f3683e1923227b6e65d004
  rexml (3.4.4) sha256=19e0a2c3425dfbf2d4fc1189747bdb2f849b6c5e74180401b15734bc97b5d142
  roda (3.104.0) sha256=1b1e64a4634a99c737b251b6f94cba7625c01755b0db4cb62280bebe49c898f7
  rspec (3.13.2) sha256=206284a08ad798e61f86d7ca3e376718d52c0bc944626b2349266f239f820587
  rspec-block_is_expected (1.0.6) sha256=bbad3dc30eba93becf4dcb3fd1bff5f37f6e212ab5cbf6132c07edba6ff74282
  rspec-core (3.13.6) sha256=a8823c6411667b60a8bca135364351dda34cd55e44ff94c4be4633b37d828b2d
  rspec-expectations (3.13.5) sha256=33a4d3a1d95060aea4c94e9f237030a8f9eae5615e9bd85718fe3a09e4b58836
  rspec-mocks (3.13.8) sha256=086ad3d3d17533f4237643de0b5c42f04b66348c28bf6b9c2d3f4a3b01af1d47
  rspec-pending_for (0.1.20) sha256=2130c6c959d05b61de1955e7dd986418aec4888b6f80f0711a1f88540a09d3cb
  rspec-stubbed_env (1.0.4) sha256=647886e16338bc4028fd18dde07944c945f773cc65afaa258930196da780e70f
  rspec-support (3.13.7) sha256=0640e5570872aafefd79867901deeeeb40b0c9875a36b983d85f54fb7381c47c
  rspec_junit_formatter (0.6.0) sha256=40dde674e6ae4e6cc0ff560da25497677e34fefd2338cc467a8972f602b62b15
  rubocop (1.84.2) sha256=5692cea54168f3dc8cb79a6fe95c5424b7ea893c707ad7a4307b0585e88dbf5f
  rubocop-ast (1.49.1) sha256=4412f3ee70f6fe4546cc489548e0f6fcf76cafcfa80fa03af67098ffed755035
  rubocop-gradual (0.3.6) sha256=d70505a81b63f95ff7d987afe66adf559c53708e4abf06328f6e6026b6571993
  rubocop-lts (8.1.1) sha256=a3c19eec22995f0aff10b14bfc301fc11209e313c8f54189abb95e0df41d17b7
  rubocop-md (1.2.4) sha256=3e481bb08e2d7479eeba3d02359737074f58dd5694f7a57de4ad8d807fdaf6ff
  rubocop-on-rbs (1.9.1) sha256=4c45fd9a7cd64baed4fe346f151bbf2ef7bd6479e27eda7eb93ff6383fbd750d
  rubocop-packaging (0.6.0) sha256=fb92bd0fb48e6f8cdb1648d2249b0cd51c2497dcc87340132d22f01edbf558a7
  rubocop-performance (1.26.1) sha256=cd19b936ff196df85829d264b522fd4f98b6c89ad271fa52744a8c11b8f71834
  rubocop-rake (0.7.1) sha256=3797f2b6810c3e9df7376c26d5f44f3475eda59eb1adc38e6f62ecf027cbae4d
  rubocop-rspec (3.9.0) sha256=8fa70a3619408237d789aeecfb9beef40576acc855173e60939d63332fdb55e2
  rubocop-ruby2_2 (2.0.5) sha256=b467a27fff0aa628416bb0b20af70e06c9b7b0a596072bcfac601dd42a5ab070
  rubocop-shopify (2.18.0) sha256=dafa25e5617ce4600ff86b1de3d5b78e43ab3d58cc5729df38e492b8e10294eb
  rubocop-thread_safety (0.7.3) sha256=067cdd52fbf5deffc18995437e45b5194236eaff4f71de3375a1f6052e48f431
  ruby-progressbar (1.13.0) sha256=80fc9c47a9b640d6834e0dc7b3c94c9df37f08cb072b7761e4a71e22cff29b33
  ruby_engine (2.0.3) sha256=ca2ae7def8cfcdc2bfb6a186d36d5d59c8b403245dc0256c3802b767fa278aaa
  ruby_version (1.0.3) sha256=5930f9950746b7e6c973184398ee364ee7440b170fef7922b9f5cdf317f1ccb5
  rubyntlm (0.6.5) sha256=47013402b99ae29ee93f930af51edaec8c6008556f4be25705a422b4430314f5
  shellany (0.0.1) sha256=0e127a9132698766d7e752e82cdac8250b6adbd09e6c0a7fbbb6f61964fedee7
  silent_stream (1.0.12) sha256=377c43aa10033fe90c33b39ea8cd97d79f2d1c4856df598efc56f3091f3ae782
  simplecov (0.22.0) sha256=fe2622c7834ff23b98066bb0a854284b2729a569ac659f82621fc22ef36213a5
  simplecov-cobertura (3.1.0) sha256=6d7f38aa32c965ca2174b2e5bd88cb17138eaf629518854976ac50e628925dc5
  simplecov-console (0.9.5) sha256=b1108bcfff5f210143e2b8301698c367b01586f20d25a73e95475a5df6fc6ff6
  simplecov-html (0.13.2) sha256=bd0b8e54e7c2d7685927e8d6286466359b6f16b18cb0df47b508e8d73c777246
  simplecov-lcov (0.9.0) sha256=7a77a31e200a595ed4b0249493056efd0c920601f53d2ef135ca34ee796346cd
  simplecov-rcov (0.3.7) sha256=372f50bf6df6b6350b7d0c840f2f8bdabe021861a43c26877b747c9ac96139fc
  simplecov_json_formatter (0.1.4) sha256=529418fbe8de1713ac2b2d612aa3daa56d316975d307244399fa4838c601b428
  standard (1.54.0) sha256=7a4b08f83d9893083c8f03bc486f0feeb6a84d48233b40829c03ef4767ea0100
  standard-custom (1.0.2) sha256=424adc84179a074f1a2a309bb9cf7cd6bfdb2b6541f20c6bf9436c0ba22a652b
  standard-performance (1.9.0) sha256=49483d31be448292951d80e5e67cdcb576c2502103c7b40aec6f1b6e9c88e3f2
  standard-rubocop-lts (1.0.10) sha256=bdce3407fb6683a305f7f2e186858033dc88013d95bdc6ec4de8df0be55a0e47
  stone_checksums (1.0.3) sha256=1d7ee38b7c766c523cbf12ab886ffbae519a2c48288f9d8ecc7ca0deed0701fe
  stringio (3.2.0) sha256=c37cb2e58b4ffbd33fe5cd948c05934af997b36e0b6ca6fdf43afa234cf222e1
  terminal-table (4.0.0) sha256=f504793203f8251b2ea7c7068333053f0beeea26093ec9962e62ea79f94301d2
  thor (1.5.0) sha256=e3a9e55fe857e44859ce104a84675ab6e8cd59c650a49106a05f55f136425e73
  timecop (0.9.11) sha256=41284dc6e5041f2184f781ace766f942108c842f8d8c1386a26e6343decc7542
  timecop-rspec (1.0.3) sha256=005f14841bb606dcaefb060e321b5388e2e59537742bee8b3a9a9a40e598fab9
  tsort (0.2.0) sha256=9650a793f6859a43b6641671278f79cfead60ac714148aabe4e3f0060480089f
  ttfunk (1.8.0) sha256=a7cbc7e489cc46e979dde04d34b5b9e4f5c8f1ee5fc6b1a7be39b829919d20ca
  unicode-display_width (3.2.0) sha256=0cdd96b5681a5949cdbc2c55e7b420facae74c4aaf9a9815eee1087cb1853c42
  unicode-emoji (4.2.0) sha256=519e69150f75652e40bf736106cfbc8f0f73aa3fb6a65afe62fefa7f80b0f80f
  version_gem (1.1.9) sha256=0c1a0962ae543c84a00889bb018d9f14d8f8af6029d26b295d98774e3d2eb9a4
  yaml-converter (0.1.0) sha256=3a8a6ce675eec8adc7ee67697ee0567e2153cad974b601c062c3a25f545ecc77
  yard (0.9.43) sha256=cf8733a8f0485df2a162927e9b5f182215a61f6d22de096b8f402c726a1c5821
  yard-fence (0.8.2) sha256=4efa58d682fc0eb57258a6d6a8463b61af0890082cdea45f19088b8634d9ab6f
  yard-junk (0.0.10)
  yard-relative_markdown_links (0.5.0) sha256=d5158786196bfb82ed8f6880cefea2ef3072cc9e774ecebd7803e0db9bbb3a71
  yard-yaml (0.1.0) sha256=8bf7b1a69183429c07e8c521d17fbbd56598387f15e13b2c27f31c4ba821a7a7
  zeitwerk (2.8.1) sha256=1c85e0f28954d68cd16e575da37f26846f609b68d80b5942ccfd31030c2449d5
  zlib (3.2.3) sha256=5bd316698b32f31a64ab910a8b6c282442ca1626a81bbd6a1674e8522e319c20

BUNDLED WITH
  4.0.11
